
Microsoft Visual Studio Solution File, Format Version 12.00
# Visual Studio Version 16
VisualStudioVersion = 16.0.30503.244
MinimumVisualStudioVersion = 10.0.40219.1
Project("{FAE04EC0-301F-11D3-BF4B-00C04F79EFBC}") = "Homework1OOP", "Homework1OOP\Homework1OOP.csproj", "{367B83BF-5266-45A0-A575-367AA27D9111}"
EndProject
Global
	GlobalSection(SolutionConfigurationPlatforms) = preSolution
		Debug|Any CPU = Debug|Any CPU
		Release|Any CPU = Release|Any CPU
	EndGlobalSection
	GlobalSection(ProjectConfigurationPlatforms) = postSolution
		{367B83BF-5266-45A0-A575-367AA27D9111}.Debug|Any CPU.ActiveCfg = Debug|Any CPU
		{367B83BF-5266-45A0-A575-367AA27D9111}.Debug|Any CPU.Build.0 = Debug|Any CPU
		{367B83BF-5266-45A0-A575-367AA27D9111}.Release|Any CPU.ActiveCfg = Release|Any CPU
		{367B83BF-5266-45A0-A575-367AA27D9111}.Release|Any CPU.Build.0 = Release|Any CPU
	EndGlobalSection
	GlobalSection(SolutionProperties) = preSolution
		HideSolutionNode = FALSE
	EndGlobalSection
	GlobalSection(ExtensibilityGlobals) = postSolution
		SolutionGuid = {0E61067E-6C69-48BD-968B-4E960E7FE33C}
	EndGlobalSection
EndGlobal
