
Microsoft Visual Studio Solution File, Format Version 12.00
# Visual Studio Version 16
VisualStudioVersion = 16.0.30503.244
MinimumVisualStudioVersion = 10.0.40219.1
Project("{FAE04EC0-301F-11D3-BF4B-00C04F79EFBC}") = "PracticeWorkWithFiles", "PracticeWorkWithFiles\PracticeWorkWithFiles.csproj", "{B02A5CC1-80B3-4937-8FB7-37DD78A38069}"
EndProject
Global
	GlobalSection(SolutionConfigurationPlatforms) = preSolution
		Debug|Any CPU = Debug|Any CPU
		Release|Any CPU = Release|Any CPU
	EndGlobalSection
	GlobalSection(ProjectConfigurationPlatforms) = postSolution
		{B02A5CC1-80B3-4937-8FB7-37DD78A38069}.Debug|Any CPU.ActiveCfg = Debug|Any CPU
		{B02A5CC1-80B3-4937-8FB7-37DD78A38069}.Debug|Any CPU.Build.0 = Debug|Any CPU
		{B02A5CC1-80B3-4937-8FB7-37DD78A38069}.Release|Any CPU.ActiveCfg = Release|Any CPU
		{B02A5CC1-80B3-4937-8FB7-37DD78A38069}.Release|Any CPU.Build.0 = Release|Any CPU
	EndGlobalSection
	GlobalSection(SolutionProperties) = preSolution
		HideSolutionNode = FALSE
	EndGlobalSection
	GlobalSection(ExtensibilityGlobals) = postSolution
		SolutionGuid = {C706D61E-6D74-4D6A-B92C-582B441B89E3}
	EndGlobalSection
EndGlobal
